PODS:
  - Flutter (1.0.0)
  - uipickers (0.0.1):
    - Flutter

DEPENDENCIES:
  - Flutter (from `Flutter`)
  - uipickers (from `.symlinks/plugins/uipickers/ios`)

EXTERNAL SOURCES:
  Flutter:
    :path: Flutter
  uipickers:
    :path: ".symlinks/plugins/uipickers/ios"

SPEC CHECKSUMS:
  Flutter: f04841e97a9d0b0a8025694d0796dd46242b2854
  uipickers: c904b6e942f136d6953e8b4c78beb8fa5021ddc6

PODFILE CHECKSUM: ef19549a9bc3046e7bb7d2fab4d021637c0c58a3

COCOAPODS: 1.12.1
